
Microsoft Visual Studio Solution File, Format Version 12.00
# Visual Studio Version 17
VisualStudioVersion = 17.8.34309.116
MinimumVisualStudioVersion = 10.0.40219.1
Project("{FAE04EC0-301F-11D3-BF4B-00C04F79EFBC}") = "Hotel", "Hotel.csproj", "{660C2FA8-1A4B-472B-ACF0-4D6AE61AD607}"
EndProject
Global
	GlobalSection(SolutionConfigurationPlatforms) = preSolution
		Debug|Any CPU = Debug|Any CPU
		Release|Any CPU = Release|Any CPU
	EndGlobalSection
	GlobalSection(ProjectConfigurationPlatforms) = postSolution
		{660C2FA8-1A4B-472B-ACF0-4D6AE61AD607}.Debug|Any CPU.ActiveCfg = Debug|Any CPU
		{660C2FA8-1A4B-472B-ACF0-4D6AE61AD607}.Debug|Any CPU.Build.0 = Debug|Any CPU
		{660C2FA8-1A4B-472B-ACF0-4D6AE61AD607}.Release|Any CPU.ActiveCfg = Release|Any CPU
		{660C2FA8-1A4B-472B-ACF0-4D6AE61AD607}.Release|Any CPU.Build.0 = Release|Any CPU
	EndGlobalSection
	GlobalSection(SolutionProperties) = preSolution
		HideSolutionNode = FALSE
	EndGlobalSection
	GlobalSection(ExtensibilityGlobals) = postSolution
		SolutionGuid = {35276A30-2143-433B-9976-6188CBDA3E0F}
	EndGlobalSection
EndGlobal
